
Microsoft Visual Studio Solution File, Format Version 12.00
# Visual Studio Version 17
VisualStudioVersion = 17.14.36221.1 d17.14
MinimumVisualStudioVersion = 10.0.40219.1
Project("{54A90642-561A-4BB1-A94E-469ADEE60C69}") = "mini-crm-assignment.client", "mini-crm-assignment.client\mini-crm-assignment.client.esproj", "{A4317D35-6E63-0E7F-23C1-87312F07EED3}"
EndProject
Project("{FAE04EC0-301F-11D3-BF4B-00C04F79EFBC}") = "mini-crm-assignment.Server", "mini-crm-assignment.Server\mini-crm-assignment.Server.csproj", "{D0BD8B7E-63F9-42F1-9081-66ED714D2622}"
EndProject
Global
	GlobalSection(SolutionConfigurationPlatforms) = preSolution
		Debug|Any CPU = Debug|Any CPU
		Release|Any CPU = Release|Any CPU
	EndGlobalSection
	GlobalSection(ProjectConfigurationPlatforms) = postSolution
		{A4317D35-6E63-0E7F-23C1-87312F07EED3}.Debug|Any CPU.ActiveCfg = Debug|Any CPU
		{A4317D35-6E63-0E7F-23C1-87312F07EED3}.Debug|Any CPU.Build.0 = Debug|Any CPU
		{A4317D35-6E63-0E7F-23C1-87312F07EED3}.Debug|Any CPU.Deploy.0 = Debug|Any CPU
		{A4317D35-6E63-0E7F-23C1-87312F07EED3}.Release|Any CPU.ActiveCfg = Release|Any CPU
		{A4317D35-6E63-0E7F-23C1-87312F07EED3}.Release|Any CPU.Build.0 = Release|Any CPU
		{A4317D35-6E63-0E7F-23C1-87312F07EED3}.Release|Any CPU.Deploy.0 = Release|Any CPU
		{D0BD8B7E-63F9-42F1-9081-66ED714D2622}.Debug|Any CPU.ActiveCfg = Debug|Any CPU
		{D0BD8B7E-63F9-42F1-9081-66ED714D2622}.Debug|Any CPU.Build.0 = Debug|Any CPU
		{D0BD8B7E-63F9-42F1-9081-66ED714D2622}.Release|Any CPU.ActiveCfg = Release|Any CPU
		{D0BD8B7E-63F9-42F1-9081-66ED714D2622}.Release|Any CPU.Build.0 = Release|Any CPU
	EndGlobalSection
	GlobalSection(SolutionProperties) = preSolution
		HideSolutionNode = FALSE
	EndGlobalSection
	GlobalSection(ExtensibilityGlobals) = postSolution
		SolutionGuid = {F8CF2086-C8AD-455B-970B-3AE100E66C54}
	EndGlobalSection
EndGlobal
